
Microsoft Visual Studio Solution File, Format Version 12.00
# Visual Studio Version 17
VisualStudioVersion = 17.4.33213.308
MinimumVisualStudioVersion = 10.0.40219.1
Project("{FAE04EC0-301F-11D3-BF4B-00C04F79EFBC}") = "PE_MarioWalking", "PE_MarioWalking\PE_MarioWalking.csproj", "{A312E1C4-478D-43A7-875D-7AECF2B69D36}"
EndProject
Global
	GlobalSection(SolutionConfigurationPlatforms) = preSolution
		Debug|Any CPU = Debug|Any CPU
		Release|Any CPU = Release|Any CPU
	EndGlobalSection
	GlobalSection(ProjectConfigurationPlatforms) = postSolution
		{A312E1C4-478D-43A7-875D-7AECF2B69D36}.Debug|Any CPU.ActiveCfg = Debug|Any CPU
		{A312E1C4-478D-43A7-875D-7AECF2B69D36}.Debug|Any CPU.Build.0 = Debug|Any CPU
		{A312E1C4-478D-43A7-875D-7AECF2B69D36}.Release|Any CPU.ActiveCfg = Release|Any CPU
		{A312E1C4-478D-43A7-875D-7AECF2B69D36}.Release|Any CPU.Build.0 = Release|Any CPU
	EndGlobalSection
	GlobalSection(SolutionProperties) = preSolution
		HideSolutionNode = FALSE
	EndGlobalSection
	GlobalSection(ExtensibilityGlobals) = postSolution
		SolutionGuid = {145E3781-5AE7-46AE-A442-E3372754A305}
	EndGlobalSection
EndGlobal
