
Microsoft Visual Studio Solution File, Format Version 12.00
# Visual Studio Version 17
VisualStudioVersion = 17.2.32630.192
MinimumVisualStudioVersion = 10.0.40219.1
Project("{FAE04EC0-301F-11D3-BF4B-00C04F79EFBC}") = "Adding File Suppory PE", "Adding File Suppory PE.csproj", "{A5C2D7BE-6506-4B8A-8B91-D6A457EF9332}"
EndProject
Global
	GlobalSection(SolutionConfigurationPlatforms) = preSolution
		Debug|Any CPU = Debug|Any CPU
		Release|Any CPU = Release|Any CPU
	EndGlobalSection
	GlobalSection(ProjectConfigurationPlatforms) = postSolution
		{A5C2D7BE-6506-4B8A-8B91-D6A457EF9332}.Debug|Any CPU.ActiveCfg = Debug|Any CPU
		{A5C2D7BE-6506-4B8A-8B91-D6A457EF9332}.Debug|Any CPU.Build.0 = Debug|Any CPU
		{A5C2D7BE-6506-4B8A-8B91-D6A457EF9332}.Release|Any CPU.ActiveCfg = Release|Any CPU
		{A5C2D7BE-6506-4B8A-8B91-D6A457EF9332}.Release|Any CPU.Build.0 = Release|Any CPU
	EndGlobalSection
	GlobalSection(SolutionProperties) = preSolution
		HideSolutionNode = FALSE
	EndGlobalSection
	GlobalSection(ExtensibilityGlobals) = postSolution
		SolutionGuid = {B76920FC-D63B-4C60-8353-B76D7D18C286}
	EndGlobalSection
EndGlobal
