
Microsoft Visual Studio Solution File, Format Version 12.00
# Visual Studio Version 17
VisualStudioVersion = 17.5.33516.290
MinimumVisualStudioVersion = 10.0.40219.1
Project("{FAE04EC0-301F-11D3-BF4B-00C04F79EFBC}") = "PE_Recursion", "PE_Recursion.csproj", "{106CEE1C-5DE1-4828-9C9E-36D013AD7D74}"
EndProject
Global
	GlobalSection(SolutionConfigurationPlatforms) = preSolution
		Debug|Any CPU = Debug|Any CPU
		Release|Any CPU = Release|Any CPU
	EndGlobalSection
	GlobalSection(ProjectConfigurationPlatforms) = postSolution
		{106CEE1C-5DE1-4828-9C9E-36D013AD7D74}.Debug|Any CPU.ActiveCfg = Debug|Any CPU
		{106CEE1C-5DE1-4828-9C9E-36D013AD7D74}.Debug|Any CPU.Build.0 = Debug|Any CPU
		{106CEE1C-5DE1-4828-9C9E-36D013AD7D74}.Release|Any CPU.ActiveCfg = Release|Any CPU
		{106CEE1C-5DE1-4828-9C9E-36D013AD7D74}.Release|Any CPU.Build.0 = Release|Any CPU
	EndGlobalSection
	GlobalSection(SolutionProperties) = preSolution
		HideSolutionNode = FALSE
	EndGlobalSection
	GlobalSection(ExtensibilityGlobals) = postSolution
		SolutionGuid = {A9588667-AAD7-495E-B7B3-E7E6AFDBF22E}
	EndGlobalSection
EndGlobal
