
Microsoft Visual Studio Solution File, Format Version 12.00
# Visual Studio Version 17
VisualStudioVersion = 17.2.32630.192
MinimumVisualStudioVersion = 10.0.40219.1
Project("{FAE04EC0-301F-11D3-BF4B-00C04F79EFBC}") = "HW 2 MonoGame", "HW 2 MonoGame.csproj", "{D3CD944A-D982-4015-8E0B-0484B7953B2E}"
EndProject
Global
	GlobalSection(SolutionConfigurationPlatforms) = preSolution
		Debug|Any CPU = Debug|Any CPU
		Release|Any CPU = Release|Any CPU
	EndGlobalSection
	GlobalSection(ProjectConfigurationPlatforms) = postSolution
		{D3CD944A-D982-4015-8E0B-0484B7953B2E}.Debug|Any CPU.ActiveCfg = Debug|Any CPU
		{D3CD944A-D982-4015-8E0B-0484B7953B2E}.Debug|Any CPU.Build.0 = Debug|Any CPU
		{D3CD944A-D982-4015-8E0B-0484B7953B2E}.Release|Any CPU.ActiveCfg = Release|Any CPU
		{D3CD944A-D982-4015-8E0B-0484B7953B2E}.Release|Any CPU.Build.0 = Release|Any CPU
	EndGlobalSection
	GlobalSection(SolutionProperties) = preSolution
		HideSolutionNode = FALSE
	EndGlobalSection
	GlobalSection(ExtensibilityGlobals) = postSolution
		SolutionGuid = {C788B3E1-BF40-4E7F-914C-3B8BEC66A11F}
	EndGlobalSection
EndGlobal
