
Microsoft Visual Studio Solution File, Format Version 12.00
# Visual Studio Version 16
VisualStudioVersion = 16.0.31321.278
MinimumVisualStudioVersion = 10.0.40219.1
Project("{FAE04EC0-301F-11D3-BF4B-00C04F79EFBC}") = "SortedCollections_LL_Efficiency", "SortedCollections_LL_Efficiency\SortedCollections_LL_Efficiency.csproj", "{9CCB449F-83C1-4E1E-A42E-A61486C7F64A}"
EndProject
Global
	GlobalSection(SolutionConfigurationPlatforms) = preSolution
		Debug|Any CPU = Debug|Any CPU
		Release|Any CPU = Release|Any CPU
	EndGlobalSection
	GlobalSection(ProjectConfigurationPlatforms) = postSolution
		{9CCB449F-83C1-4E1E-A42E-A61486C7F64A}.Debug|Any CPU.ActiveCfg = Debug|Any CPU
		{9CCB449F-83C1-4E1E-A42E-A61486C7F64A}.Debug|Any CPU.Build.0 = Debug|Any CPU
		{9CCB449F-83C1-4E1E-A42E-A61486C7F64A}.Release|Any CPU.ActiveCfg = Release|Any CPU
		{9CCB449F-83C1-4E1E-A42E-A61486C7F64A}.Release|Any CPU.Build.0 = Release|Any CPU
	EndGlobalSection
	GlobalSection(SolutionProperties) = preSolution
		HideSolutionNode = FALSE
	EndGlobalSection
	GlobalSection(ExtensibilityGlobals) = postSolution
		SolutionGuid = {A34817DB-4B17-4235-B7B6-5234C9D26A64}
	EndGlobalSection
EndGlobal
