
Microsoft Visual Studio Solution File, Format Version 12.00
# Visual Studio Version 17
VisualStudioVersion = 17.2.32630.192
MinimumVisualStudioVersion = 10.0.40219.1
Project("{FAE04EC0-301F-11D3-BF4B-00C04F79EFBC}") = "Stacks and Queues PE", "Stacks and Queues PE.csproj", "{A4428B0E-AC00-4DB8-9322-9D7F08DD0BDA}"
EndProject
Global
	GlobalSection(SolutionConfigurationPlatforms) = preSolution
		Debug|Any CPU = Debug|Any CPU
		Release|Any CPU = Release|Any CPU
	EndGlobalSection
	GlobalSection(ProjectConfigurationPlatforms) = postSolution
		{A4428B0E-AC00-4DB8-9322-9D7F08DD0BDA}.Debug|Any CPU.ActiveCfg = Debug|Any CPU
		{A4428B0E-AC00-4DB8-9322-9D7F08DD0BDA}.Debug|Any CPU.Build.0 = Debug|Any CPU
		{A4428B0E-AC00-4DB8-9322-9D7F08DD0BDA}.Release|Any CPU.ActiveCfg = Release|Any CPU
		{A4428B0E-AC00-4DB8-9322-9D7F08DD0BDA}.Release|Any CPU.Build.0 = Release|Any CPU
	EndGlobalSection
	GlobalSection(SolutionProperties) = preSolution
		HideSolutionNode = FALSE
	EndGlobalSection
	GlobalSection(ExtensibilityGlobals) = postSolution
		SolutionGuid = {2896EF44-7A33-40D7-89EC-BC31C6CA7C5B}
	EndGlobalSection
EndGlobal
