
Microsoft Visual Studio Solution File, Format Version 12.00
# Visual Studio Version 17
VisualStudioVersion = 17.3.32929.385
MinimumVisualStudioVersion = 10.0.40219.1
Project("{FAE04EC0-301F-11D3-BF4B-00C04F79EFBC}") = "Exam2 Part2", "Exam2 Part2\Exam2 Part2.csproj", "{A601A7F6-99F8-470E-AC0F-9D8DCCDFBBA9}"
EndProject
Global
	GlobalSection(SolutionConfigurationPlatforms) = preSolution
		Debug|Any CPU = Debug|Any CPU
		Release|Any CPU = Release|Any CPU
	EndGlobalSection
	GlobalSection(ProjectConfigurationPlatforms) = postSolution
		{A601A7F6-99F8-470E-AC0F-9D8DCCDFBBA9}.Debug|Any CPU.ActiveCfg = Debug|Any CPU
		{A601A7F6-99F8-470E-AC0F-9D8DCCDFBBA9}.Debug|Any CPU.Build.0 = Debug|Any CPU
		{A601A7F6-99F8-470E-AC0F-9D8DCCDFBBA9}.Release|Any CPU.ActiveCfg = Release|Any CPU
		{A601A7F6-99F8-470E-AC0F-9D8DCCDFBBA9}.Release|Any CPU.Build.0 = Release|Any CPU
	EndGlobalSection
	GlobalSection(SolutionProperties) = preSolution
		HideSolutionNode = FALSE
	EndGlobalSection
	GlobalSection(ExtensibilityGlobals) = postSolution
		SolutionGuid = {C880A339-4638-4D4C-ADE8-1B593B862A07}
	EndGlobalSection
EndGlobal
