
Microsoft Visual Studio Solution File, Format Version 12.00
# Visual Studio Version 17
VisualStudioVersion = 17.2.32630.192
MinimumVisualStudioVersion = 10.0.40219.1
Project("{FAE04EC0-301F-11D3-BF4B-00C04F79EFBC}") = "PE - Trees", "PE - Trees.csproj", "{4A66F7B0-8BF5-4EB1-A7AD-1041588B5C77}"
EndProject
Global
	GlobalSection(SolutionConfigurationPlatforms) = preSolution
		Debug|Any CPU = Debug|Any CPU
		Release|Any CPU = Release|Any CPU
	EndGlobalSection
	GlobalSection(ProjectConfigurationPlatforms) = postSolution
		{4A66F7B0-8BF5-4EB1-A7AD-1041588B5C77}.Debug|Any CPU.ActiveCfg = Debug|Any CPU
		{4A66F7B0-8BF5-4EB1-A7AD-1041588B5C77}.Debug|Any CPU.Build.0 = Debug|Any CPU
		{4A66F7B0-8BF5-4EB1-A7AD-1041588B5C77}.Release|Any CPU.ActiveCfg = Release|Any CPU
		{4A66F7B0-8BF5-4EB1-A7AD-1041588B5C77}.Release|Any CPU.Build.0 = Release|Any CPU
	EndGlobalSection
	GlobalSection(SolutionProperties) = preSolution
		HideSolutionNode = FALSE
	EndGlobalSection
	GlobalSection(ExtensibilityGlobals) = postSolution
		SolutionGuid = {79EB9EC4-067F-43EF-B66E-F03C4F07DBA1}
	EndGlobalSection
EndGlobal
