
Microsoft Visual Studio Solution File, Format Version 12.00
# Visual Studio Version 16
VisualStudioVersion = 16.0.31515.178
MinimumVisualStudioVersion = 10.0.40219.1
Project("{FAE04EC0-301F-11D3-BF4B-00C04F79EFBC}") = "HW3_LinkedLists", "HW3_LinkedLists.csproj", "{DCB18ED9-16DD-4E8E-BE97-BBED440430A8}"
EndProject
Global
	GlobalSection(SolutionConfigurationPlatforms) = preSolution
		Debug|Any CPU = Debug|Any CPU
		Release|Any CPU = Release|Any CPU
	EndGlobalSection
	GlobalSection(ProjectConfigurationPlatforms) = postSolution
		{DCB18ED9-16DD-4E8E-BE97-BBED440430A8}.Debug|Any CPU.ActiveCfg = Debug|Any CPU
		{DCB18ED9-16DD-4E8E-BE97-BBED440430A8}.Debug|Any CPU.Build.0 = Debug|Any CPU
		{DCB18ED9-16DD-4E8E-BE97-BBED440430A8}.Release|Any CPU.ActiveCfg = Release|Any CPU
		{DCB18ED9-16DD-4E8E-BE97-BBED440430A8}.Release|Any CPU.Build.0 = Release|Any CPU
	EndGlobalSection
	GlobalSection(SolutionProperties) = preSolution
		HideSolutionNode = FALSE
	EndGlobalSection
	GlobalSection(ExtensibilityGlobals) = postSolution
		SolutionGuid = {FD5E4C5A-05C7-442E-8D7A-D67F3B420B55}
	EndGlobalSection
EndGlobal
